
Microsoft Visual Studio Solution File, Format Version 12.00
# Visual Studio Version 16
VisualStudioVersion = 16.0.30717.126
MinimumVisualStudioVersion = 10.0.40219.1
Project("{FAE04EC0-301F-11D3-BF4B-00C04F79EFBC}") = "RandomiseApi.Test", "RandomiseApi.Test\RandomiseApi.Test.csproj", "{ED7C26CB-08AB-4799-BC6C-C9D5B54088AB}"
EndProject
Global
	GlobalSection(SolutionConfigurationPlatforms) = preSolution
		Debug|Any CPU = Debug|Any CPU
		Release|Any CPU = Release|Any CPU
	EndGlobalSection
	GlobalSection(ProjectConfigurationPlatforms) = postSolution
		{ED7C26CB-08AB-4799-BC6C-C9D5B54088AB}.Debug|Any CPU.ActiveCfg = Debug|Any CPU
		{ED7C26CB-08AB-4799-BC6C-C9D5B54088AB}.Debug|Any CPU.Build.0 = Debug|Any CPU
		{ED7C26CB-08AB-4799-BC6C-C9D5B54088AB}.Release|Any CPU.ActiveCfg = Release|Any CPU
		{ED7C26CB-08AB-4799-BC6C-C9D5B54088AB}.Release|Any CPU.Build.0 = Release|Any CPU
	EndGlobalSection
	GlobalSection(SolutionProperties) = preSolution
		HideSolutionNode = FALSE
	EndGlobalSection
	GlobalSection(ExtensibilityGlobals) = postSolution
		SolutionGuid = {9AB35189-FF82-4E68-9433-7F8E02CF5E93}
	EndGlobalSection
EndGlobal
